PODS:
  - auto_orientation (0.0.1):
    - Flutter
  - Flutter (1.0.0)
  - path_provider (0.0.1):
    - Flutter
  - shared_preferences (0.0.1):
    - Flutter
  - uni_links (0.0.1):
    - Flutter
  - url_launcher (0.0.1):
    - Flutter
  - video_player_header (0.0.1):
    - Flutter
  - wakelock (0.0.1):
    - Flutter

DEPENDENCIES:
  - auto_orientation (from `.symlinks/plugins/auto_orientation/ios`)
  - Flutter (from `Flutter`)
  - path_provider (from `.symlinks/plugins/path_provider/ios`)
  - shared_preferences (from `.symlinks/plugins/shared_preferences/ios`)
  - uni_links (from `.symlinks/plugins/uni_links/ios`)
  - url_launcher (from `.symlinks/plugins/url_launcher/ios`)
  - video_player_header (from `.symlinks/plugins/video_player_header/ios`)
  - wakelock (from `.symlinks/plugins/wakelock/ios`)

EXTERNAL SOURCES:
  auto_orientation:
    :path: ".symlinks/plugins/auto_orientation/ios"
  Flutter:
    :path: Flutter
  path_provider:
    :path: ".symlinks/plugins/path_provider/ios"
  shared_preferences:
    :path: ".symlinks/plugins/shared_preferences/ios"
  uni_links:
    :path: ".symlinks/plugins/uni_links/ios"
  url_launcher:
    :path: ".symlinks/plugins/url_launcher/ios"
  video_player_header:
    :path: ".symlinks/plugins/video_player_header/ios"
  wakelock:
    :path: ".symlinks/plugins/wakelock/ios"

SPEC CHECKSUMS:
  auto_orientation: 2941c44ebe5c3d41016001597ab03e81a92a26ce
  Flutter: 0e3d915762c693b495b44d77113d4970485de6ec
  path_provider: abfe2b5c733d04e238b0d8691db0cfd63a27a93c
  shared_preferences: af6bfa751691cdc24be3045c43ec037377ada40d
  uni_links: d97da20c7701486ba192624d99bffaaffcfc298a
  url_launcher: 6fef411d543ceb26efce54b05a0a40bfd74cbbef
  video_player_header: 997b5cf09cad88f65c3b198bdf01989797c5488d
  wakelock: bfc7955c418d0db797614075aabbc58a39ab5107

PODFILE CHECKSUM: aafe91acc616949ddb318b77800a7f51bffa2a4c

COCOAPODS: 1.10.0
